// !$*UTF8*$!
{
	archiveVersion = 1;
	classes = {
	};
	objectVersion = 50;
	objects = {

/* Begin PBXBuildFile section */
		04CEC3A99C6CFAFEAE2382CB /* Pods_TestApp.framework in Frameworks */ = {isa = PBXBuildFile; fileRef = 2684F5B9C5AAEF9BF78284F8 /* Pods_TestApp.framework */; };
		4D71770C21D60FCB000688FD /* DetailViewController.swift in Sources */ = {isa = PBXBuildFile; fileRef = 4D71770B21D60FCB000688FD /* DetailViewController.swift */; };
		4D71770E21D611C0000688FD /* ArticleTableViewCell.swift in Sources */ = {isa = PBXBuildFile; fileRef = 4D71770D21D611C0000688FD /* ArticleTableViewCell.swift */; };
		4D71771021D6135B000688FD /* ArticleModel.swift in Sources */ = {isa = PBXBuildFile; fileRef = 4D71770F21D6135B000688FD /* ArticleModel.swift */; };
		D5189E8F21D2CF7A008F48C3 /* AppDelegate.swift in Sources */ = {isa = PBXBuildFile; fileRef = D5189E8E21D2CF7A008F48C3 /* AppDelegate.swift */; };
		D5189E9121D2CF7A008F48C3 /* ViewController.swift in Sources */ = {isa = PBXBuildFile; fileRef = D5189E9021D2CF7A008F48C3 /* ViewController.swift */; };
		D5189E9421D2CF7A008F48C3 /* Main.storyboard in Resources */ = {isa = PBXBuildFile; fileRef = D5189E9221D2CF7A008F48C3 /* Main.storyboard */; };
		D5189E9621D2CF7C008F48C3 /* Assets.xcassets in Resources */ = {isa = PBXBuildFile; fileRef = D5189E9521D2CF7C008F48C3 /* Assets.xcassets */; };
		D5189E9921D2CF7C008F48C3 /* LaunchScreen.storyboard in Resources */ = {isa = PBXBuildFile; fileRef = D5189E9721D2CF7C008F48C3 /* LaunchScreen.storyboard */; };
		D5189EA421D2CF7C008F48C3 /* TestAppTests.swift in Sources */ = {isa = PBXBuildFile; fileRef = D5189EA321D2CF7C008F48C3 /* TestAppTests.swift */; };
		D5189EAF21D2CF7C008F48C3 /* TestAppUITests.swift in Sources */ = {isa = PBXBuildFile; fileRef = D5189EAE21D2CF7C008F48C3 /* TestAppUITests.swift */; };
		D5189EBD21D2D32C008F48C3 /* Api.swift in Sources */ = {isa = PBXBuildFile; fileRef = D5189EBC21D2D32C008F48C3 /* Api.swift */; };
		D5189EBF21D2D401008F48C3 /* Config.swift in Sources */ = {isa = PBXBuildFile; fileRef = D5189EBE21D2D401008F48C3 /* Config.swift */; };
		D5189EC121D2D6A1008F48C3 /* Utilities.swift in Sources */ = {isa = PBXBuildFile; fileRef = D5189EC021D2D6A1008F48C3 /* Utilities.swift */; };
		D5189EC321D2D748008F48C3 /* ShawAnalytics.swift in Sources */ = {isa = PBXBuildFile; fileRef = D5189EC221D2D748008F48C3 /* ShawAnalytics.swift */; };
		D5189EC521D2DC41008F48C3 /* ShawPulseLoaderView.swift in Sources */ = {isa = PBXBuildFile; fileRef = D5189EC421D2DC41008F48C3 /* ShawPulseLoaderView.swift */; };
/* End PBXBuildFile section */

/* Begin PBXContainerItemProxy section */
		D5189EA021D2CF7C008F48C3 /* PBXContainerItemProxy */ = {
			isa = PBXContainerItemProxy;
			containerPortal = D5189E8321D2CF7A008F48C3 /* Project object */;
			proxyType = 1;
			remoteGlobalIDString = D5189E8A21D2CF7A008F48C3;
			remoteInfo = TestApp;
		};
		D5189EAB21D2CF7C008F48C3 /* PBXContainerItemProxy */ = {
			isa = PBXContainerItemProxy;
			containerPortal = D5189E8321D2CF7A008F48C3 /* Project object */;
			proxyType = 1;
			remoteGlobalIDString = D5189E8A21D2CF7A008F48C3;
			remoteInfo = TestApp;
		};
/* End PBXContainerItemProxy section */

/* Begin PBXFileReference section */
		2684F5B9C5AAEF9BF78284F8 /* Pods_TestApp.framework */ = {isa = PBXFileReference; explicitFileType = wrapper.framework; includeInIndex = 0; path = Pods_TestApp.framework; sourceTree = BUILT_PRODUCTS_DIR; };
		4D71770B21D60FCB000688FD /* DetailViewController.swift */ = {isa = PBXFileReference; lastKnownFileType = sourcecode.swift; path = DetailViewController.swift; sourceTree = "<group>"; };
		4D71770D21D611C0000688FD /* ArticleTableViewCell.swift */ = {isa = PBXFileReference; lastKnownFileType = sourcecode.swift; path = ArticleTableViewCell.swift; sourceTree = "<group>"; };
		4D71770F21D6135B000688FD /* ArticleModel.swift */ = {isa = PBXFileReference; lastKnownFileType = sourcecode.swift; path = ArticleModel.swift; sourceTree = "<group>"; };
		8AFB8A3DD139EC2CB254DAA4 /* Pods-TestApp.release.xcconfig */ = {isa = PBXFileReference; includeInIndex = 1; lastKnownFileType = text.xcconfig; name = "Pods-TestApp.release.xcconfig"; path = "Pods/Target Support Files/Pods-TestApp/Pods-TestApp.release.xcconfig"; sourceTree = "<group>"; };
		C8CD11453ADC184257BDB132 /* Pods-TestApp.debug.xcconfig */ = {isa = PBXFileReference; includeInIndex = 1; lastKnownFileType = text.xcconfig; name = "Pods-TestApp.debug.xcconfig"; path = "Pods/Target Support Files/Pods-TestApp/Pods-TestApp.debug.xcconfig"; sourceTree = "<group>"; };
		D5189E8B21D2CF7A008F48C3 /* TestApp.app */ = {isa = PBXFileReference; explicitFileType = wrapper.application; includeInIndex = 0; path = TestApp.app; sourceTree = BUILT_PRODUCTS_DIR; };
		D5189E8E21D2CF7A008F48C3 /* AppDelegate.swift */ = {isa = PBXFileReference; lastKnownFileType = sourcecode.swift; path = AppDelegate.swift; sourceTree = "<group>"; };
		D5189E9021D2CF7A008F48C3 /* ViewController.swift */ = {isa = PBXFileReference; lastKnownFileType = sourcecode.swift; path = ViewController.swift; sourceTree = "<group>"; };
		D5189E9321D2CF7A008F48C3 /* Base */ = {isa = PBXFileReference; lastKnownFileType = file.storyboard; name = Base; path = Base.lproj/Main.storyboard; sourceTree = "<group>"; };
		D5189E9521D2CF7C008F48C3 /* Assets.xcassets */ = {isa = PBXFileReference; lastKnownFileType = folder.assetcatalog; path = Assets.xcassets; sourceTree = "<group>"; };
		D5189E9821D2CF7C008F48C3 /* Base */ = {isa = PBXFileReference; lastKnownFileType = file.storyboard; name = Base; path = Base.lproj/LaunchScreen.storyboard; sourceTree = "<group>"; };
		D5189E9A21D2CF7C008F48C3 /* Info.plist */ = {isa = PBXFileReference; lastKnownFileType = text.plist.xml; path = Info.plist; sourceTree = "<group>"; };
		D5189E9F21D2CF7C008F48C3 /* TestAppTests.xctest */ = {isa = PBXFileReference; explicitFileType = wrapper.cfbundle; includeInIndex = 0; path = TestAppTests.xctest; sourceTree = BUILT_PRODUCTS_DIR; };
		D5189EA321D2CF7C008F48C3 /* TestAppTests.swift */ = {isa = PBXFileReference; lastKnownFileType = sourcecode.swift; path = TestAppTests.swift; sourceTree = "<group>"; };
		D5189EA521D2CF7C008F48C3 /* Info.plist */ = {isa = PBXFileReference; lastKnownFileType = text.plist.xml; path = Info.plist; sourceTree = "<group>"; };
		D5189EAA21D2CF7C008F48C3 /* TestAppUITests.xctest */ = {isa = PBXFileReference; explicitFileType = wrapper.cfbundle; includeInIndex = 0; path = TestAppUITests.xctest; sourceTree = BUILT_PRODUCTS_DIR; };
		D5189EAE21D2CF7C008F48C3 /* TestAppUITests.swift */ = {isa = PBXFileReference; lastKnownFileType = sourcecode.swift; path = TestAppUITests.swift; sourceTree = "<group>"; };
		D5189EB021D2CF7C008F48C3 /* Info.plist */ = {isa = PBXFileReference; lastKnownFileType = text.plist.xml; path = Info.plist; sourceTree = "<group>"; };
		D5189EBC21D2D32C008F48C3 /* Api.swift */ = {isa = PBXFileReference; fileEncoding = 4; lastKnownFileType = sourcecode.swift; path = Api.swift; sourceTree = "<group>"; };
		D5189EBE21D2D401008F48C3 /* Config.swift */ = {isa = PBXFileReference; fileEncoding = 4; lastKnownFileType = sourcecode.swift; path = Config.swift; sourceTree = "<group>"; };
		D5189EC021D2D6A1008F48C3 /* Utilities.swift */ = {isa = PBXFileReference; fileEncoding = 4; lastKnownFileType = sourcecode.swift; path = Utilities.swift; sourceTree = "<group>"; };
		D5189EC221D2D748008F48C3 /* ShawAnalytics.swift */ = {isa = PBXFileReference; fileEncoding = 4; lastKnownFileType = sourcecode.swift; path = ShawAnalytics.swift; sourceTree = "<group>"; };
		D5189EC421D2DC41008F48C3 /* ShawPulseLoaderView.swift */ = {isa = PBXFileReference; fileEncoding = 4; lastKnownFileType = sourcecode.swift; path = ShawPulseLoaderView.swift; sourceTree = "<group>"; };
/* End PBXFileReference section */

/* Begin PBXFrameworksBuildPhase section */
		D5189E8821D2CF7A008F48C3 /* Frameworks */ = {
			isa = PBXFrameworksBuildPhase;
			buildActionMask = 2147483647;
			files = (
				04CEC3A99C6CFAFEAE2382CB /* Pods_TestApp.framework in Frameworks */,
			);
			runOnlyForDeploymentPostprocessing = 0;
		};
		D5189E9C21D2CF7C008F48C3 /* Frameworks */ = {
			isa = PBXFrameworksBuildPhase;
			buildActionMask = 2147483647;
			files = (
			);
			runOnlyForDeploymentPostprocessing = 0;
		};
		D5189EA721D2CF7C008F48C3 /* Frameworks */ = {
			isa = PBXFrameworksBuildPhase;
			buildActionMask = 2147483647;
			files = (
			);
			runOnlyForDeploymentPostprocessing = 0;
		};
/* End PBXFrameworksBuildPhase section */

/* Begin PBXGroup section */
		A74163D078BCD2D116CDAC72 /* Frameworks */ = {
			isa = PBXGroup;
			children = (
				2684F5B9C5AAEF9BF78284F8 /* Pods_TestApp.framework */,
			);
			name = Frameworks;
			sourceTree = "<group>";
		};
		D5189E8221D2CF7A008F48C3 = {
			isa = PBXGroup;
			children = (
				D5189E8D21D2CF7A008F48C3 /* TestApp */,
				D5189EA221D2CF7C008F48C3 /* TestAppTests */,
				D5189EAD21D2CF7C008F48C3 /* TestAppUITests */,
				D5189E8C21D2CF7A008F48C3 /* Products */,
				E3BAC6ACF1468C418EB52967 /* Pods */,
				A74163D078BCD2D116CDAC72 /* Frameworks */,
			);
			sourceTree = "<group>";
		};
		D5189E8C21D2CF7A008F48C3 /* Products */ = {
			isa = PBXGroup;
			children = (
				D5189E8B21D2CF7A008F48C3 /* TestApp.app */,
				D5189E9F21D2CF7C008F48C3 /* TestAppTests.xctest */,
				D5189EAA21D2CF7C008F48C3 /* TestAppUITests.xctest */,
			);
			name = Products;
			sourceTree = "<group>";
		};
		D5189E8D21D2CF7A008F48C3 /* TestApp */ = {
			isa = PBXGroup;
			children = (
				D5189E8E21D2CF7A008F48C3 /* AppDelegate.swift */,
				D5189EC421D2DC41008F48C3 /* ShawPulseLoaderView.swift */,
				D5189E9021D2CF7A008F48C3 /* ViewController.swift */,
				D5189EC221D2D748008F48C3 /* ShawAnalytics.swift */,
				D5189EC021D2D6A1008F48C3 /* Utilities.swift */,
				D5189EBC21D2D32C008F48C3 /* Api.swift */,
				D5189EBE21D2D401008F48C3 /* Config.swift */,
				D5189E9221D2CF7A008F48C3 /* Main.storyboard */,
				D5189E9521D2CF7C008F48C3 /* Assets.xcassets */,
				D5189E9721D2CF7C008F48C3 /* LaunchScreen.storyboard */,
				D5189E9A21D2CF7C008F48C3 /* Info.plist */,
				4D71770B21D60FCB000688FD /* DetailViewController.swift */,
				4D71770D21D611C0000688FD /* ArticleTableViewCell.swift */,
				4D71770F21D6135B000688FD /* ArticleModel.swift */,
			);
			path = TestApp;
			sourceTree = "<group>";
		};
		D5189EA221D2CF7C008F48C3 /* TestAppTests */ = {
			isa = PBXGroup;
			children = (
				D5189EA321D2CF7C008F48C3 /* TestAppTests.swift */,
				D5189EA521D2CF7C008F48C3 /* Info.plist */,
			);
			path = TestAppTests;
			sourceTree = "<group>";
		};
		D5189EAD21D2CF7C008F48C3 /* TestAppUITests */ = {
			isa = PBXGroup;
			children = (
				D5189EAE21D2CF7C008F48C3 /* TestAppUITests.swift */,
				D5189EB021D2CF7C008F48C3 /* Info.plist */,
			);
			path = TestAppUITests;
			sourceTree = "<group>";
		};
		E3BAC6ACF1468C418EB52967 /* Pods */ = {
			isa = PBXGroup;
			children = (
				C8CD11453ADC184257BDB132 /* Pods-TestApp.debug.xcconfig */,
				8AFB8A3DD139EC2CB254DAA4 /* Pods-TestApp.release.xcconfig */,
			);
			name = Pods;
			sourceTree = "<group>";
		};
/* End PBXGroup section */

/* Begin PBXNativeTarget section */
		D5189E8A21D2CF7A008F48C3 /* TestApp */ = {
			isa = PBXNativeTarget;
			buildConfigurationList = D5189EB321D2CF7C008F48C3 /* Build configuration list for PBXNativeTarget "TestApp" */;
			buildPhases = (
				7B5A7AE3717561D59F1DBD44 /* [CP] Check Pods Manifest.lock */,
				D5189E8721D2CF7A008F48C3 /* Sources */,
				D5189E8821D2CF7A008F48C3 /* Frameworks */,
				D5189E8921D2CF7A008F48C3 /* Resources */,
				E01074EC82E726CC9525BE46 /* [CP] Embed Pods Frameworks */,
			);
			buildRules = (
			);
			dependencies = (
			);
			name = TestApp;
			productName = TestApp;
			productReference = D5189E8B21D2CF7A008F48C3 /* TestApp.app */;
			productType = "com.apple.product-type.application";
		};
		D5189E9E21D2CF7C008F48C3 /* TestAppTests */ = {
			isa = PBXNativeTarget;
			buildConfigurationList = D5189EB621D2CF7C008F48C3 /* Build configuration list for PBXNativeTarget "TestAppTests" */;
			buildPhases = (
				D5189E9B21D2CF7C008F48C3 /* Sources */,
				D5189E9C21D2CF7C008F48C3 /* Frameworks */,
				D5189E9D21D2CF7C008F48C3 /* Resources */,
			);
			buildRules = (
			);
			dependencies = (
				D5189EA121D2CF7C008F48C3 /* PBXTargetDependency */,
			);
			name = TestAppTests;
			productName = TestAppTests;
			productReference = D5189E9F21D2CF7C008F48C3 /* TestAppTests.xctest */;
			productType = "com.apple.product-type.bundle.unit-test";
		};
		D5189EA921D2CF7C008F48C3 /* TestAppUITests */ = {
			isa = PBXNativeTarget;
			buildConfigurationList = D5189EB921D2CF7C008F48C3 /* Build configuration list for PBXNativeTarget "TestAppUITests" */;
			buildPhases = (
				D5189EA621D2CF7C008F48C3 /* Sources */,
				D5189EA721D2CF7C008F48C3 /* Frameworks */,
				D5189EA821D2CF7C008F48C3 /* Resources */,
			);
			buildRules = (
			);
			dependencies = (
				D5189EAC21D2CF7C008F48C3 /* PBXTargetDependency */,
			);
			name = TestAppUITests;
			productName = TestAppUITests;
			productReference = D5189EAA21D2CF7C008F48C3 /* TestAppUITests.xctest */;
			productType = "com.apple.product-type.bundle.ui-testing";
		};
/* End PBXNativeTarget section */

/* Begin PBXProject section */
		D5189E8321D2CF7A008F48C3 /* Project object */ = {
			isa = PBXProject;
			attributes = {
				LastSwiftUpdateCheck = 0940;
				LastUpgradeCheck = 0940;
				ORGANIZATIONNAME = "gourav jaiswal";
				TargetAttributes = {
					D5189E8A21D2CF7A008F48C3 = {
						CreatedOnToolsVersion = 9.4.1;
					};
					D5189E9E21D2CF7C008F48C3 = {
						CreatedOnToolsVersion = 9.4.1;
						TestTargetID = D5189E8A21D2CF7A008F48C3;
					};
					D5189EA921D2CF7C008F48C3 = {
						CreatedOnToolsVersion = 9.4.1;
						TestTargetID = D5189E8A21D2CF7A008F48C3;
					};
				};
			};
			buildConfigurationList = D5189E8621D2CF7A008F48C3 /* Build configuration list for PBXProject "TestApp" */;
			compatibilityVersion = "Xcode 9.3";
			developmentRegion = en;
			hasScannedForEncodings = 0;
			knownRegions = (
				en,
				Base,
			);
			mainGroup = D5189E8221D2CF7A008F48C3;
			productRefGroup = D5189E8C21D2CF7A008F48C3 /* Products */;
			projectDirPath = "";
			projectRoot = "";
			targets = (
				D5189E8A21D2CF7A008F48C3 /* TestApp */,
				D5189E9E21D2CF7C008F48C3 /* TestAppTests */,
				D5189EA921D2CF7C008F48C3 /* TestAppUITests */,
			);
		};
/* End PBXProject section */

/* Begin PBXResourcesBuildPhase section */
		D5189E8921D2CF7A008F48C3 /* Resources */ = {
			isa = PBXResourcesBuildPhase;
			buildActionMask = 2147483647;
			files = (
				D5189E9921D2CF7C008F48C3 /* LaunchScreen.storyboard in Resources */,
				D5189E9621D2CF7C008F48C3 /* Assets.xcassets in Resources */,
				D5189E9421D2CF7A008F48C3 /* Main.storyboard in Resources */,
			);
			runOnlyForDeploymentPostprocessing = 0;
		};
		D5189E9D21D2CF7C008F48C3 /* Resources */ = {
			isa = PBXResourcesBuildPhase;
			buildActionMask = 2147483647;
			files = (
			);
			runOnlyForDeploymentPostprocessing = 0;
		};
		D5189EA821D2CF7C008F48C3 /* Resources */ = {
			isa = PBXResourcesBuildPhase;
			buildActionMask = 2147483647;
			files = (
			);
			runOnlyForDeploymentPostprocessing = 0;
		};
/* End PBXResourcesBuildPhase section */

/* Begin PBXShellScriptBuildPhase section */
		7B5A7AE3717561D59F1DBD44 /* [CP] Check Pods Manifest.lock */ = {
			isa = PBXShellScriptBuildPhase;
			buildActionMask = 2147483647;
			files = (
			);
			inputPaths = (
				"${PODS_PODFILE_DIR_PATH}/Podfile.lock",
				"${PODS_ROOT}/Manifest.lock",
			);
			name = "[CP] Check Pods Manifest.lock";
			outputPaths = (
				"$(DERIVED_FILE_DIR)/Pods-TestApp-checkManifestLockResult.txt",
			);
			runOnlyForDeploymentPostprocessing = 0;
			shellPath = /bin/sh;
			shellScript = "diff \"${PODS_PODFILE_DIR_PATH}/Podfile.lock\" \"${PODS_ROOT}/Manifest.lock\" > /dev/null\nif [ $? != 0 ] ; then\n    # print error to STDERR\n    echo \"error: The sandbox is not in sync with the Podfile.lock. Run 'pod install' or update your CocoaPods installation.\" >&2\n    exit 1\nfi\n# This output is used by Xcode 'outputs' to avoid re-running this script phase.\necho \"SUCCESS\" > \"${SCRIPT_OUTPUT_FILE_0}\"\n";
			showEnvVarsInLog = 0;
		};
		E01074EC82E726CC9525BE46 /* [CP] Embed Pods Frameworks */ = {
			isa = PBXShellScriptBuildPhase;
			buildActionMask = 2147483647;
			files = (
			);
			inputPaths = (
				"${SRCROOT}/Pods/Target Support Files/Pods-TestApp/Pods-TestApp-frameworks.sh",
				"${BUILT_PRODUCTS_DIR}/Alamofire/Alamofire.framework",
				"${BUILT_PRODUCTS_DIR}/NVActivityIndicatorView/NVActivityIndicatorView.framework",
				"${BUILT_PRODUCTS_DIR}/SDWebImage/SDWebImage.framework",
				"${BUILT_PRODUCTS_DIR}/SwiftyJSON/SwiftyJSON.framework",
			);
			name = "[CP] Embed Pods Frameworks";
			outputPaths = (
				"${TARGET_BUILD_DIR}/${FRAMEWORKS_FOLDER_PATH}/Alamofire.framework",
				"${TARGET_BUILD_DIR}/${FRAMEWORKS_FOLDER_PATH}/NVActivityIndicatorView.framework",
				"${TARGET_BUILD_DIR}/${FRAMEWORKS_FOLDER_PATH}/SDWebImage.framework",
				"${TARGET_BUILD_DIR}/${FRAMEWORKS_FOLDER_PATH}/SwiftyJSON.framework",
			);
			runOnlyForDeploymentPostprocessing = 0;
			shellPath = /bin/sh;
			shellScript = "\"${SRCROOT}/Pods/Target Support Files/Pods-TestApp/Pods-TestApp-frameworks.sh\"\n";
			showEnvVarsInLog = 0;
		};
/* End PBXShellScriptBuildPhase section */

/* Begin PBXSourcesBuildPhase section */
		D5189E8721D2CF7A008F48C3 /* Sources */ = {
			isa = PBXSourcesBuildPhase;
			buildActionMask = 2147483647;
			files = (
				D5189EBD21D2D32C008F48C3 /* Api.swift in Sources */,
				4D71770E21D611C0000688FD /* ArticleTableViewCell.swift in Sources */,
				D5189EBF21D2D401008F48C3 /* Config.swift in Sources */,
				D5189EC521D2DC41008F48C3 /* ShawPulseLoaderView.swift in Sources */,
				D5189E9121D2CF7A008F48C3 /* ViewController.swift in Sources */,
				D5189EC321D2D748008F48C3 /* ShawAnalytics.swift in Sources */,
				4D71771021D6135B000688FD /* ArticleModel.swift in Sources */,
				D5189EC121D2D6A1008F48C3 /* Utilities.swift in Sources */,
				D5189E8F21D2CF7A008F48C3 /* AppDelegate.swift in Sources */,
				4D71770C21D60FCB000688FD /* DetailViewController.swift in Sources */,
			);
			runOnlyForDeploymentPostprocessing = 0;
		};
		D5189E9B21D2CF7C008F48C3 /* Sources */ = {
			isa = PBXSourcesBuildPhase;
			buildActionMask = 2147483647;
			files = (
				D5189EA421D2CF7C008F48C3 /* TestAppTests.swift in Sources */,
			);
			runOnlyForDeploymentPostprocessing = 0;
		};
		D5189EA621D2CF7C008F48C3 /* Sources */ = {
			isa = PBXSourcesBuildPhase;
			buildActionMask = 2147483647;
			files = (
				D5189EAF21D2CF7C008F48C3 /* TestAppUITests.swift in Sources */,
			);
			runOnlyForDeploymentPostprocessing = 0;
		};
/* End PBXSourcesBuildPhase section */

/* Begin PBXTargetDependency section */
		D5189EA121D2CF7C008F48C3 /* PBXTargetDependency */ = {
			isa = PBXTargetDependency;
			target = D5189E8A21D2CF7A008F48C3 /* TestApp */;
			targetProxy = D5189EA021D2CF7C008F48C3 /* PBXContainerItemProxy */;
		};
		D5189EAC21D2CF7C008F48C3 /* PBXTargetDependency */ = {
			isa = PBXTargetDependency;
			target = D5189E8A21D2CF7A008F48C3 /* TestApp */;
			targetProxy = D5189EAB21D2CF7C008F48C3 /* PBXContainerItemProxy */;
		};
/* End PBXTargetDependency section */

/* Begin PBXVariantGroup section */
		D5189E9221D2CF7A008F48C3 /* Main.storyboard */ = {
			isa = PBXVariantGroup;
			children = (
				D5189E9321D2CF7A008F48C3 /* Base */,
			);
			name = Main.storyboard;
			sourceTree = "<group>";
		};
		D5189E9721D2CF7C008F48C3 /* LaunchScreen.storyboard */ = {
			isa = PBXVariantGroup;
			children = (
				D5189E9821D2CF7C008F48C3 /* Base */,
			);
			name = LaunchScreen.storyboard;
			sourceTree = "<group>";
		};
/* End PBXVariantGroup section */

/* Begin XCBuildConfiguration section */
		D5189EB121D2CF7C008F48C3 /* Debug */ = {
			isa = XCBuildConfiguration;
			buildSettings = {
				ALWAYS_SEARCH_USER_PATHS = NO;
				CLANG_ANALYZER_NONNULL = YES;
				CLANG_ANALYZER_NUMBER_OBJECT_CONVERSION = YES_AGGRESSIVE;
				CLANG_CXX_LANGUAGE_STANDARD = "gnu++14";
				CLANG_CXX_LIBRARY = "libc++";
				CLANG_ENABLE_MODULES = YES;
				CLANG_ENABLE_OBJC_ARC = YES;
				CLANG_ENABLE_OBJC_WEAK = YES;
				CLANG_WARN_BLOCK_CAPTURE_AUTORELEASING = YES;
				CLANG_WARN_BOOL_CONVERSION = YES;
				CLANG_WARN_COMMA = YES;
				CLANG_WARN_CONSTANT_CONVERSION = YES;
				CLANG_WARN_DEPRECATED_OBJC_IMPLEMENTATIONS = YES;
				CLANG_WARN_DIRECT_OBJC_ISA_USAGE = YES_ERROR;
				CLANG_WARN_DOCUMENTATION_COMMENTS = YES;
				CLANG_WARN_EMPTY_BODY = YES;
				CLANG_WARN_ENUM_CONVERSION = YES;
				CLANG_WARN_INFINITE_RECURSION = YES;
				CLANG_WARN_INT_CONVERSION = YES;
				CLANG_WARN_NON_LITERAL_NULL_CONVERSION = YES;
				CLANG_WARN_OBJC_IMPLICIT_RETAIN_SELF = YES;
				CLANG_WARN_OBJC_LITERAL_CONVERSION = YES;
				CLANG_WARN_OBJC_ROOT_CLASS = YES_ERROR;
				CLANG_WARN_RANGE_LOOP_ANALYSIS = YES;
				CLANG_WARN_STRICT_PROTOTYPES = YES;
				CLANG_WARN_SUSPICIOUS_MOVE = YES;
				CLANG_WARN_UNGUARDED_AVAILABILITY = YES_AGGRESSIVE;
				CLANG_WARN_UNREACHABLE_CODE = YES;
				CLANG_WARN__DUPLICATE_METHOD_MATCH = YES;
				CODE_SIGN_IDENTITY = "iPhone Developer";
				COPY_PHASE_STRIP = NO;
				DEBUG_INFORMATION_FORMAT = dwarf;
				ENABLE_STRICT_OBJC_MSGSEND = YES;
				ENABLE_TESTABILITY = YES;
				GCC_C_LANGUAGE_STANDARD = gnu11;
				GCC_DYNAMIC_NO_PIC = NO;
				GCC_NO_COMMON_BLOCKS = YES;
				GCC_OPTIMIZATION_LEVEL = 0;
				GCC_PREPROCESSOR_DEFINITIONS = (
					"DEBUG=1",
					"$(inherited)",
				);
				GCC_WARN_64_TO_32_BIT_CONVERSION = YES;
				GCC_WARN_ABOUT_RETURN_TYPE = YES_ERROR;
				GCC_WARN_UNDECLARED_SELECTOR = YES;
				GCC_WARN_UNINITIALIZED_AUTOS = YES_AGGRESSIVE;
				GCC_WARN_UNUSED_FUNCTION = YES;
				GCC_WARN_UNUSED_VARIABLE = YES;
				IPHONEOS_DEPLOYMENT_TARGET = 11.4;
				MTL_ENABLE_DEBUG_INFO = YES;
				ONLY_ACTIVE_ARCH = YES;
				SDKROOT = iphoneos;
				SWIFT_ACTIVE_COMPILATION_CONDITIONS = DEBUG;
				SWIFT_OPTIMIZATION_LEVEL = "-Onone";
			};
			name = Debug;
		};
		D5189EB221D2CF7C008F48C3 /* Release */ = {
			isa = XCBuildConfiguration;
			buildSettings = {
				ALWAYS_SEARCH_USER_PATHS = NO;
				CLANG_ANALYZER_NONNULL = YES;
				CLANG_ANALYZER_NUMBER_OBJECT_CONVERSION = YES_AGGRESSIVE;
				CLANG_CXX_LANGUAGE_STANDARD = "gnu++14";
				CLANG_CXX_LIBRARY = "libc++";
				CLANG_ENABLE_MODULES = YES;
				CLANG_ENABLE_OBJC_ARC = YES;
				CLANG_ENABLE_OBJC_WEAK = YES;
				CLANG_WARN_BLOCK_CAPTURE_AUTORELEASING = YES;
				CLANG_WARN_BOOL_CONVERSION = YES;
				CLANG_WARN_COMMA = YES;
				CLANG_WARN_CONSTANT_CONVERSION = YES;
				CLANG_WARN_DEPRECATED_OBJC_IMPLEMENTATIONS = YES;
				CLANG_WARN_DIRECT_OBJC_ISA_USAGE = YES_ERROR;
				CLANG_WARN_DOCUMENTATION_COMMENTS = YES;
				CLANG_WARN_EMPTY_BODY = YES;
				CLANG_WARN_ENUM_CONVERSION = YES;
				CLANG_WARN_INFINITE_RECURSION = YES;
				CLANG_WARN_INT_CONVERSION = YES;
				CLANG_WARN_NON_LITERAL_NULL_CONVERSION = YES;
				CLANG_WARN_OBJC_IMPLICIT_RETAIN_SELF = YES;
				CLANG_WARN_OBJC_LITERAL_CONVERSION = YES;
				CLANG_WARN_OBJC_ROOT_CLASS = YES_ERROR;
				CLANG_WARN_RANGE_LOOP_ANALYSIS = YES;
				CLANG_WARN_STRICT_PROTOTYPES = YES;
				CLANG_WARN_SUSPICIOUS_MOVE = YES;
				CLANG_WARN_UNGUARDED_AVAILABILITY = YES_AGGRESSIVE;
				CLANG_WARN_UNREACHABLE_CODE = YES;
				CLANG_WARN__DUPLICATE_METHOD_MATCH = YES;
				CODE_SIGN_IDENTITY = "iPhone Developer";
				COPY_PHASE_STRIP = NO;
				DEBUG_INFORMATION_FORMAT = "dwarf-with-dsym";
				ENABLE_NS_ASSERTIONS = NO;
				ENABLE_STRICT_OBJC_MSGSEND = YES;
				GCC_C_LANGUAGE_STANDARD = gnu11;
				GCC_NO_COMMON_BLOCKS = YES;
				GCC_WARN_64_TO_32_BIT_CONVERSION = YES;
				GCC_WARN_ABOUT_RETURN_TYPE = YES_ERROR;
				GCC_WARN_UNDECLARED_SELECTOR = YES;
				GCC_WARN_UNINITIALIZED_AUTOS = YES_AGGRESSIVE;
				GCC_WARN_UNUSED_FUNCTION = YES;
				GCC_WARN_UNUSED_VARIABLE = YES;
				IPHONEOS_DEPLOYMENT_TARGET = 11.4;
				MTL_ENABLE_DEBUG_INFO = NO;
				SDKROOT = iphoneos;
				SWIFT_COMPILATION_MODE = wholemodule;
				SWIFT_OPTIMIZATION_LEVEL = "-O";
				VALIDATE_PRODUCT = YES;
			};
			name = Release;
		};
		D5189EB421D2CF7C008F48C3 /* Debug */ = {
			isa = XCBuildConfiguration;
			baseConfigurationReference = C8CD11453ADC184257BDB132 /* Pods-TestApp.debug.xcconfig */;
			buildSettings = {
				ASSETCATALOG_COMPILER_APPICON_NAME = AppIcon;
				CODE_SIGN_STYLE = Manual;
				DEVELOPMENT_TEAM = "";
				INFOPLIST_FILE = TestApp/Info.plist;
				LD_RUNPATH_SEARCH_PATHS = (
					"$(inherited)",
					"@executable_path/Frameworks",
				);
				PRODUCT_BUNDLE_IDENTIFIER = com.gourav.test.TestApp;
				PRODUCT_NAME = "$(TARGET_NAME)";
				PROVISIONING_PROFILE_SPECIFIER = "";
				SWIFT_VERSION = 4.0;
				TARGETED_DEVICE_FAMILY = "1,2";
			};
			name = Debug;
		};
		D5189EB521D2CF7C008F48C3 /* Release */ = {
			isa = XCBuildConfiguration;
			baseConfigurationReference = 8AFB8A3DD139EC2CB254DAA4 /* Pods-TestApp.release.xcconfig */;
			buildSettings = {
				ASSETCATALOG_COMPILER_APPICON_NAME = AppIcon;
				CODE_SIGN_STYLE = Manual;
				DEVELOPMENT_TEAM = "";
				INFOPLIST_FILE = TestApp/Info.plist;
				LD_RUNPATH_SEARCH_PATHS = (
					"$(inherited)",
					"@executable_path/Frameworks",
				);
				PRODUCT_BUNDLE_IDENTIFIER = com.gourav.test.TestApp;
				PRODUCT_NAME = "$(TARGET_NAME)";
				PROVISIONING_PROFILE_SPECIFIER = "";
				SWIFT_VERSION = 4.0;
				TARGETED_DEVICE_FAMILY = "1,2";
			};
			name = Release;
		};
		D5189EB721D2CF7C008F48C3 /* Debug */ = {
			isa = XCBuildConfiguration;
			buildSettings = {
				ALWAYS_EMBED_SWIFT_STANDARD_LIBRARIES = YES;
				BUNDLE_LOADER = "$(TEST_HOST)";
				CODE_SIGN_STYLE = Automatic;
				DEVELOPMENT_TEAM = 7W97WCB5LU;
				INFOPLIST_FILE = TestAppTests/Info.plist;
				LD_RUNPATH_SEARCH_PATHS = (
					"$(inherited)",
					"@executable_path/Frameworks",
					"@loader_path/Frameworks",
				);
				PRODUCT_BUNDLE_IDENTIFIER = com.gourav.test.TestAppTests;
				PRODUCT_NAME = "$(TARGET_NAME)";
				SWIFT_VERSION = 4.0;
				TARGETED_DEVICE_FAMILY = "1,2";
				TEST_HOST = "$(BUILT_PRODUCTS_DIR)/TestApp.app/TestApp";
			};
			name = Debug;
		};
		D5189EB821D2CF7C008F48C3 /* Release */ = {
			isa = XCBuildConfiguration;
			buildSettings = {
				ALWAYS_EMBED_SWIFT_STANDARD_LIBRARIES = YES;
				BUNDLE_LOADER = "$(TEST_HOST)";
				CODE_SIGN_STYLE = Automatic;
				DEVELOPMENT_TEAM = 7W97WCB5LU;
				INFOPLIST_FILE = TestAppTests/Info.plist;
				LD_RUNPATH_SEARCH_PATHS = (
					"$(inherited)",
					"@executable_path/Frameworks",
					"@loader_path/Frameworks",
				);
				PRODUCT_BUNDLE_IDENTIFIER = com.gourav.test.TestAppTests;
				PRODUCT_NAME = "$(TARGET_NAME)";
				SWIFT_VERSION = 4.0;
				TARGETED_DEVICE_FAMILY = "1,2";
				TEST_HOST = "$(BUILT_PRODUCTS_DIR)/TestApp.app/TestApp";
			};
			name = Release;
		};
		D5189EBA21D2CF7C008F48C3 /* Debug */ = {
			isa = XCBuildConfiguration;
			buildSettings = {
				ALWAYS_EMBED_SWIFT_STANDARD_LIBRARIES = YES;
				CODE_SIGN_STYLE = Automatic;
				DEVELOPMENT_TEAM = 7W97WCB5LU;
				INFOPLIST_FILE = TestAppUITests/Info.plist;
				LD_RUNPATH_SEARCH_PATHS = (
					"$(inherited)",
					"@executable_path/Frameworks",
					"@loader_path/Frameworks",
				);
				PRODUCT_BUNDLE_IDENTIFIER = com.gourav.test.TestAppUITests;
				PRODUCT_NAME = "$(TARGET_NAME)";
				SWIFT_VERSION = 4.0;
				TARGETED_DEVICE_FAMILY = "1,2";
				TEST_TARGET_NAME = TestApp;
			};
			name = Debug;
		};
		D5189EBB21D2CF7C008F48C3 /* Release */ = {
			isa = XCBuildConfiguration;
			buildSettings = {
				ALWAYS_EMBED_SWIFT_STANDARD_LIBRARIES = YES;
				CODE_SIGN_STYLE = Automatic;
				DEVELOPMENT_TEAM = 7W97WCB5LU;
				INFOPLIST_FILE = TestAppUITests/Info.plist;
				LD_RUNPATH_SEARCH_PATHS = (
					"$(inherited)",
					"@executable_path/Frameworks",
					"@loader_path/Frameworks",
				);
				PRODUCT_BUNDLE_IDENTIFIER = com.gourav.test.TestAppUITests;
				PRODUCT_NAME = "$(TARGET_NAME)";
				SWIFT_VERSION = 4.0;
				TARGETED_DEVICE_FAMILY = "1,2";
				TEST_TARGET_NAME = TestApp;
			};
			name = Release;
		};
/* End XCBuildConfiguration section */

/* Begin XCConfigurationList section */
		D5189E8621D2CF7A008F48C3 /* Build configuration list for PBXProject "TestApp" */ = {
			isa = XCConfigurationList;
			buildConfigurations = (
				D5189EB121D2CF7C008F48C3 /* Debug */,
				D5189EB221D2CF7C008F48C3 /* Release */,
			);
			defaultConfigurationIsVisible = 0;
			defaultConfigurationName = Release;
		};
		D5189EB321D2CF7C008F48C3 /* Build configuration list for PBXNativeTarget "TestApp" */ = {
			isa = XCConfigurationList;
			buildConfigurations = (
				D5189EB421D2CF7C008F48C3 /* Debug */,
				D5189EB521D2CF7C008F48C3 /* Release */,
			);
			defaultConfigurationIsVisible = 0;
			defaultConfigurationName = Release;
		};
		D5189EB621D2CF7C008F48C3 /* Build configuration list for PBXNativeTarget "TestAppTests" */ = {
			isa = XCConfigurationList;
			buildConfigurations = (
				D5189EB721D2CF7C008F48C3 /* Debug */,
				D5189EB821D2CF7C008F48C3 /* Release */,
			);
			defaultConfigurationIsVisible = 0;
			defaultConfigurationName = Release;
		};
		D5189EB921D2CF7C008F48C3 /* Build configuration list for PBXNativeTarget "TestAppUITests" */ = {
			isa = XCConfigurationList;
			buildConfigurations = (
				D5189EBA21D2CF7C008F48C3 /* Debug */,
				D5189EBB21D2CF7C008F48C3 /* Release */,
			);
			defaultConfigurationIsVisible = 0;
			defaultConfigurationName = Release;
		};
/* End XCConfigurationList section */
	};
	rootObject = D5189E8321D2CF7A008F48C3 /* Project object */;
}
